
Microsoft Visual Studio Solution File, Format Version 12.00
# Visual Studio Version 17
VisualStudioVersion = 17.6.33829.357
MinimumVisualStudioVersion = 10.0.40219.1
Project("{9A19103F-16F7-4668-BE54-9A1E7A4F7556}") = "Launcher", "Launcher\Launcher.csproj", "{8CAC2817-C621-4413-896B-4B00B079DB0F}"
EndProject
Global
	GlobalSection(SolutionConfigurationPlatforms) = preSolution
		Debug|Any CPU = Debug|Any CPU
		Release|Any CPU = Release|Any CPU
	EndGlobalSection
	GlobalSection(ProjectConfigurationPlatforms) = postSolution
		{8CAC2817-C621-4413-896B-4B00B079DB0F}.Debug|Any CPU.ActiveCfg = Debug|Any CPU
		{8CAC2817-C621-4413-896B-4B00B079DB0F}.Debug|Any CPU.Build.0 = Debug|Any CPU
		{8CAC2817-C621-4413-896B-4B00B079DB0F}.Release|Any CPU.ActiveCfg = Release|Any CPU
		{8CAC2817-C621-4413-896B-4B00B079DB0F}.Release|Any CPU.Build.0 = Release|Any CPU
	EndGlobalSection
	GlobalSection(SolutionProperties) = preSolution
		HideSolutionNode = FALSE
	EndGlobalSection
	GlobalSection(ExtensibilityGlobals) = postSolution
		SolutionGuid = {D4A60253-372C-4B10-9DD3-17FD3A1C1ED8}
	EndGlobalSection
EndGlobal
